
Microsoft Visual Studio Solution File, Format Version 12.00
# Visual Studio Version 16
VisualStudioVersion = 16.0.29230.47
MinimumVisualStudioVersion = 10.0.40219.1
Project("{FAE04EC0-301F-11D3-BF4B-00C04F79EFBC}") = "Admin.Portal.Host", "Admin.Portal.Host\Admin.Portal.Host.csproj", "{5DFF7D8C-AF08-4113-82B8-48FBB5903833}"
EndProject
Global
	GlobalSection(SolutionConfigurationPlatforms) = preSolution
		Debug|Any CPU = Debug|Any CPU
		Release|Any CPU = Release|Any CPU
	EndGlobalSection
	GlobalSection(ProjectConfigurationPlatforms) = postSolution
		{5DFF7D8C-AF08-4113-82B8-48FBB5903833}.Debug|Any CPU.ActiveCfg = Debug|Any CPU
		{5DFF7D8C-AF08-4113-82B8-48FBB5903833}.Debug|Any CPU.Build.0 = Debug|Any CPU
		{5DFF7D8C-AF08-4113-82B8-48FBB5903833}.Release|Any CPU.ActiveCfg = Release|Any CPU
		{5DFF7D8C-AF08-4113-82B8-48FBB5903833}.Release|Any CPU.Build.0 = Release|Any CPU
	EndGlobalSection
	GlobalSection(SolutionProperties) = preSolution
		HideSolutionNode = FALSE
	EndGlobalSection
	GlobalSection(ExtensibilityGlobals) = postSolution
		SolutionGuid = {4E2ED042-6A75-4F2F-9CE3-92F3AD76D534}
	EndGlobalSection
EndGlobal
